// !$*UTF8*$!
{
	archiveVersion = 1;
	classes = {
	};
	objectVersion = 56;
	objects = {

/* Begin PBXBuildFile section */
		BC9EB9F1290ED7D600F7A890 /* AppDelegate.swift in Sources */ = {isa = PBXBuildFile; fileRef = BC9EB9F0290ED7D600F7A890 /* AppDelegate.swift */; };
		BC9EB9F3290ED7D600F7A890 /* SceneDelegate.swift in Sources */ = {isa = PBXBuildFile; fileRef = BC9EB9F2290ED7D600F7A890 /* SceneDelegate.swift */; };
		BC9EB9F5290ED7D600F7A890 /* MovieListVC.swift in Sources */ = {isa = PBXBuildFile; fileRef = BC9EB9F4290ED7D600F7A890 /* MovieListVC.swift */; };
		BC9EB9F8290ED7D600F7A890 /* Main.storyboard in Resources */ = {isa = PBXBuildFile; fileRef = BC9EB9F6290ED7D600F7A890 /* Main.storyboard */; };
		BC9EB9FA290ED7D700F7A890 /* Assets.xcassets in Resources */ = {isa = PBXBuildFile; fileRef = BC9EB9F9290ED7D700F7A890 /* Assets.xcassets */; };
		BC9EB9FD290ED7D700F7A890 /* LaunchScreen.storyboard in Resources */ = {isa = PBXBuildFile; fileRef = BC9EB9FB290ED7D700F7A890 /* LaunchScreen.storyboard */; };
		BC9EBA0C290ED8C700F7A890 /* MovieWebServices.swift in Sources */ = {isa = PBXBuildFile; fileRef = BC9EBA0B290ED8C700F7A890 /* MovieWebServices.swift */; };
		BC9EBA0E290ED8DE00F7A890 /* MovieList.swift in Sources */ = {isa = PBXBuildFile; fileRef = BC9EBA0D290ED8DE00F7A890 /* MovieList.swift */; };
		BC9EBA10290ED90100F7A890 /* Utility.swift in Sources */ = {isa = PBXBuildFile; fileRef = BC9EBA0F290ED90100F7A890 /* Utility.swift */; };
		BC9EBA13290ED91E00F7A890 /* UIViewController.swift in Sources */ = {isa = PBXBuildFile; fileRef = BC9EBA12290ED91E00F7A890 /* UIViewController.swift */; };
		BC9EBA15290ED92600F7A890 /* UIView.swift in Sources */ = {isa = PBXBuildFile; fileRef = BC9EBA14290ED92600F7A890 /* UIView.swift */; };
		BC9EBA17290ED93000F7A890 /* UIImageView.swift in Sources */ = {isa = PBXBuildFile; fileRef = BC9EBA16290ED93000F7A890 /* UIImageView.swift */; };
		BC9EBA19290ED97A00F7A890 /* MovieDetailsVM.swift in Sources */ = {isa = PBXBuildFile; fileRef = BC9EBA18290ED97A00F7A890 /* MovieDetailsVM.swift */; };
		BC9EBA1E290ED9E900F7A890 /* MovieListView.swift in Sources */ = {isa = PBXBuildFile; fileRef = BC9EBA1D290ED9E900F7A890 /* MovieListView.swift */; };
		BC9EBA20290ED9F300F7A890 /* MovieCell.swift in Sources */ = {isa = PBXBuildFile; fileRef = BC9EBA1F290ED9F300F7A890 /* MovieCell.swift */; };
/* End PBXBuildFile section */

/* Begin PBXFileReference section */
		BC9EB9ED290ED7D600F7A890 /* MovieListTMDB.app */ = {isa = PBXFileReference; explicitFileType = wrapper.application; includeInIndex = 0; path = MovieListTMDB.app; sourceTree = BUILT_PRODUCTS_DIR; };
		BC9EB9F0290ED7D600F7A890 /* AppDelegate.swift */ = {isa = PBXFileReference; lastKnownFileType = sourcecode.swift; path = AppDelegate.swift; sourceTree = "<group>"; };
		BC9EB9F2290ED7D600F7A890 /* SceneDelegate.swift */ = {isa = PBXFileReference; lastKnownFileType = sourcecode.swift; path = SceneDelegate.swift; sourceTree = "<group>"; };
		BC9EB9F4290ED7D600F7A890 /* MovieListVC.swift */ = {isa = PBXFileReference; lastKnownFileType = sourcecode.swift; path = MovieListVC.swift; sourceTree = "<group>"; };
		BC9EB9F7290ED7D600F7A890 /* Base */ = {isa = PBXFileReference; lastKnownFileType = file.storyboard; name = Base; path = Base.lproj/Main.storyboard; sourceTree = "<group>"; };
		BC9EB9F9290ED7D700F7A890 /* Assets.xcassets */ = {isa = PBXFileReference; lastKnownFileType = folder.assetcatalog; path = Assets.xcassets; sourceTree = "<group>"; };
		BC9EB9FC290ED7D700F7A890 /* Base */ = {isa = PBXFileReference; lastKnownFileType = file.storyboard; name = Base; path = Base.lproj/LaunchScreen.storyboard; sourceTree = "<group>"; };
		BC9EB9FE290ED7D700F7A890 /* Info.plist */ = {isa = PBXFileReference; lastKnownFileType = text.plist.xml; path = Info.plist; sourceTree = "<group>"; };
		BC9EBA0B290ED8C700F7A890 /* MovieWebServices.swift */ = {isa = PBXFileReference; lastKnownFileType = sourcecode.swift; path = MovieWebServices.swift; sourceTree = "<group>"; };
		BC9EBA0D290ED8DE00F7A890 /* MovieList.swift */ = {isa = PBXFileReference; lastKnownFileType = sourcecode.swift; path = MovieList.swift; sourceTree = "<group>"; };
		BC9EBA0F290ED90100F7A890 /* Utility.swift */ = {isa = PBXFileReference; lastKnownFileType = sourcecode.swift; path = Utility.swift; sourceTree = "<group>"; };
		BC9EBA12290ED91E00F7A890 /* UIViewController.swift */ = {isa = PBXFileReference; lastKnownFileType = sourcecode.swift; path = UIViewController.swift; sourceTree = "<group>"; };
		BC9EBA14290ED92600F7A890 /* UIView.swift */ = {isa = PBXFileReference; lastKnownFileType = sourcecode.swift; path = UIView.swift; sourceTree = "<group>"; };
		BC9EBA16290ED93000F7A890 /* UIImageView.swift */ = {isa = PBXFileReference; lastKnownFileType = sourcecode.swift; path = UIImageView.swift; sourceTree = "<group>"; };
		BC9EBA18290ED97A00F7A890 /* MovieDetailsVM.swift */ = {isa = PBXFileReference; lastKnownFileType = sourcecode.swift; path = MovieDetailsVM.swift; sourceTree = "<group>"; };
		BC9EBA1D290ED9E900F7A890 /* MovieListView.swift */ = {isa = PBXFileReference; lastKnownFileType = sourcecode.swift; path = MovieListView.swift; sourceTree = "<group>"; };
		BC9EBA1F290ED9F300F7A890 /* MovieCell.swift */ = {isa = PBXFileReference; lastKnownFileType = sourcecode.swift; path = MovieCell.swift; sourceTree = "<group>"; };
/* End PBXFileReference section */

/* Begin PBXFrameworksBuildPhase section */
		BC9EB9EA290ED7D600F7A890 /* Frameworks */ = {
			isa = PBXFrameworksBuildPhase;
			buildActionMask = 2147483647;
			files = (
			);
			runOnlyForDeploymentPostprocessing = 0;
		};
/* End PBXFrameworksBuildPhase section */

/* Begin PBXGroup section */
		BC9EB9E4290ED7D600F7A890 = {
			isa = PBXGroup;
			children = (
				BC9EB9EF290ED7D600F7A890 /* MovieListTMDB */,
				BC9EB9EE290ED7D600F7A890 /* Products */,
			);
			sourceTree = "<group>";
		};
		BC9EB9EE290ED7D600F7A890 /* Products */ = {
			isa = PBXGroup;
			children = (
				BC9EB9ED290ED7D600F7A890 /* MovieListTMDB.app */,
			);
			name = Products;
			sourceTree = "<group>";
		};
		BC9EB9EF290ED7D600F7A890 /* MovieListTMDB */ = {
			isa = PBXGroup;
			children = (
				BC9EB9FE290ED7D700F7A890 /* Info.plist */,
				BC9EBA04290ED83900F7A890 /* App_Essentials */,
				BC9EBA08290ED85C00F7A890 /* Network Services */,
				BC9EBA05290ED84800F7A890 /* Model */,
				BC9EBA06290ED84C00F7A890 /* View */,
				BC9EBA07290ED85200F7A890 /* View-Model */,
				BC9EBA09290ED86600F7A890 /* Helper */,
				BC9EBA0A290ED86B00F7A890 /* Resources */,
			);
			path = MovieListTMDB;
			sourceTree = "<group>";
		};
		BC9EBA04290ED83900F7A890 /* App_Essentials */ = {
			isa = PBXGroup;
			children = (
				BC9EB9F0290ED7D600F7A890 /* AppDelegate.swift */,
				BC9EB9F2290ED7D600F7A890 /* SceneDelegate.swift */,
			);
			path = App_Essentials;
			sourceTree = "<group>";
		};
		BC9EBA05290ED84800F7A890 /* Model */ = {
			isa = PBXGroup;
			children = (
				BC9EBA0D290ED8DE00F7A890 /* MovieList.swift */,
			);
			path = Model;
			sourceTree = "<group>";
		};
		BC9EBA06290ED84C00F7A890 /* View */ = {
			isa = PBXGroup;
			children = (
				BC9EBA1A290ED98600F7A890 /* View Controllers */,
				BC9EBA1C290ED99800F7A890 /* Programatically Created */,
				BC9EBA1B290ED99000F7A890 /* Storyboards */,
			);
			path = View;
			sourceTree = "<group>";
		};
		BC9EBA07290ED85200F7A890 /* View-Model */ = {
			isa = PBXGroup;
			children = (
				BC9EBA18290ED97A00F7A890 /* MovieDetailsVM.swift */,
			);
			path = "View-Model";
			sourceTree = "<group>";
		};
		BC9EBA08290ED85C00F7A890 /* Network Services */ = {
			isa = PBXGroup;
			children = (
				BC9EBA0B290ED8C700F7A890 /* MovieWebServices.swift */,
			);
			path = "Network Services";
			sourceTree = "<group>";
		};
		BC9EBA09290ED86600F7A890 /* Helper */ = {
			isa = PBXGroup;
			children = (
				BC9EBA0F290ED90100F7A890 /* Utility.swift */,
				BC9EBA11290ED90E00F7A890 /* Extensions */,
			);
			path = Helper;
			sourceTree = "<group>";
		};
		BC9EBA0A290ED86B00F7A890 /* Resources */ = {
			isa = PBXGroup;
			children = (
				BC9EB9F9290ED7D700F7A890 /* Assets.xcassets */,
			);
			path = Resources;
			sourceTree = "<group>";
		};
		BC9EBA11290ED90E00F7A890 /* Extensions */ = {
			isa = PBXGroup;
			children = (
				BC9EBA12290ED91E00F7A890 /* UIViewController.swift */,
				BC9EBA14290ED92600F7A890 /* UIView.swift */,
				BC9EBA16290ED93000F7A890 /* UIImageView.swift */,
			);
			path = Extensions;
			sourceTree = "<group>";
		};
		BC9EBA1A290ED98600F7A890 /* View Controllers */ = {
			isa = PBXGroup;
			children = (
				BC9EB9F4290ED7D600F7A890 /* MovieListVC.swift */,
			);
			name = "View Controllers";
			sourceTree = "<group>";
		};
		BC9EBA1B290ED99000F7A890 /* Storyboards */ = {
			isa = PBXGroup;
			children = (
				BC9EB9F6290ED7D600F7A890 /* Main.storyboard */,
				BC9EB9FB290ED7D700F7A890 /* LaunchScreen.storyboard */,
			);
			name = Storyboards;
			sourceTree = "<group>";
		};
		BC9EBA1C290ED99800F7A890 /* Programatically Created */ = {
			isa = PBXGroup;
			children = (
				BC9EBA1D290ED9E900F7A890 /* MovieListView.swift */,
				BC9EBA1F290ED9F300F7A890 /* MovieCell.swift */,
			);
			name = "Programatically Created";
			sourceTree = "<group>";
		};
/* End PBXGroup section */

/* Begin PBXNativeTarget section */
		BC9EB9EC290ED7D600F7A890 /* MovieListTMDB */ = {
			isa = PBXNativeTarget;
			buildConfigurationList = BC9EBA01290ED7D700F7A890 /* Build configuration list for PBXNativeTarget "MovieListTMDB" */;
			buildPhases = (
				BC9EB9E9290ED7D600F7A890 /* Sources */,
				BC9EB9EA290ED7D600F7A890 /* Frameworks */,
				BC9EB9EB290ED7D600F7A890 /* Resources */,
			);
			buildRules = (
			);
			dependencies = (
			);
			name = MovieListTMDB;
			productName = MovieListTMDB;
			productReference = BC9EB9ED290ED7D600F7A890 /* MovieListTMDB.app */;
			productType = "com.apple.product-type.application";
		};
/* End PBXNativeTarget section */

/* Begin PBXProject section */
		BC9EB9E5290ED7D600F7A890 /* Project object */ = {
			isa = PBXProject;
			attributes = {
				BuildIndependentTargetsInParallel = 1;
				LastSwiftUpdateCheck = 1400;
				LastUpgradeCheck = 1400;
				TargetAttributes = {
					BC9EB9EC290ED7D600F7A890 = {
						CreatedOnToolsVersion = 14.0.1;
					};
				};
			};
			buildConfigurationList = BC9EB9E8290ED7D600F7A890 /* Build configuration list for PBXProject "MovieListTMDB" */;
			compatibilityVersion = "Xcode 14.0";
			developmentRegion = en;
			hasScannedForEncodings = 0;
			knownRegions = (
				en,
				Base,
			);
			mainGroup = BC9EB9E4290ED7D600F7A890;
			productRefGroup = BC9EB9EE290ED7D600F7A890 /* Products */;
			projectDirPath = "";
			projectRoot = "";
			targets = (
				BC9EB9EC290ED7D600F7A890 /* MovieListTMDB */,
			);
		};
/* End PBXProject section */

/* Begin PBXResourcesBuildPhase section */
		BC9EB9EB290ED7D600F7A890 /* Resources */ = {
			isa = PBXResourcesBuildPhase;
			buildActionMask = 2147483647;
			files = (
				BC9EB9FD290ED7D700F7A890 /* LaunchScreen.storyboard in Resources */,
				BC9EB9FA290ED7D700F7A890 /* Assets.xcassets in Resources */,
				BC9EB9F8290ED7D600F7A890 /* Main.storyboard in Resources */,
			);
			runOnlyForDeploymentPostprocessing = 0;
		};
/* End PBXResourcesBuildPhase section */

/* Begin PBXSourcesBuildPhase section */
		BC9EB9E9290ED7D600F7A890 /* Sources */ = {
			isa = PBXSourcesBuildPhase;
			buildActionMask = 2147483647;
			files = (
				BC9EBA15290ED92600F7A890 /* UIView.swift in Sources */,
				BC9EBA1E290ED9E900F7A890 /* MovieListView.swift in Sources */,
				BC9EBA20290ED9F300F7A890 /* MovieCell.swift in Sources */,
				BC9EBA17290ED93000F7A890 /* UIImageView.swift in Sources */,
				BC9EBA19290ED97A00F7A890 /* MovieDetailsVM.swift in Sources */,
				BC9EBA13290ED91E00F7A890 /* UIViewController.swift in Sources */,
				BC9EB9F5290ED7D600F7A890 /* MovieListVC.swift in Sources */,
				BC9EB9F1290ED7D600F7A890 /* AppDelegate.swift in Sources */,
				BC9EBA10290ED90100F7A890 /* Utility.swift in Sources */,
				BC9EB9F3290ED7D600F7A890 /* SceneDelegate.swift in Sources */,
				BC9EBA0E290ED8DE00F7A890 /* MovieList.swift in Sources */,
				BC9EBA0C290ED8C700F7A890 /* MovieWebServices.swift in Sources */,
			);
			runOnlyForDeploymentPostprocessing = 0;
		};
/* End PBXSourcesBuildPhase section */

/* Begin PBXVariantGroup section */
		BC9EB9F6290ED7D600F7A890 /* Main.storyboard */ = {
			isa = PBXVariantGroup;
			children = (
				BC9EB9F7290ED7D600F7A890 /* Base */,
			);
			name = Main.storyboard;
			sourceTree = "<group>";
		};
		BC9EB9FB290ED7D700F7A890 /* LaunchScreen.storyboard */ = {
			isa = PBXVariantGroup;
			children = (
				BC9EB9FC290ED7D700F7A890 /* Base */,
			);
			name = LaunchScreen.storyboard;
			sourceTree = "<group>";
		};
/* End PBXVariantGroup section */

/* Begin XCBuildConfiguration section */
		BC9EB9FF290ED7D700F7A890 /* Debug */ = {
			isa = XCBuildConfiguration;
			buildSettings = {
				ALWAYS_SEARCH_USER_PATHS = NO;
				CLANG_ANALYZER_NONNULL = YES;
				CLANG_ANALYZER_NUMBER_OBJECT_CONVERSION = YES_AGGRESSIVE;
				CLANG_CXX_LANGUAGE_STANDARD = "gnu++20";
				CLANG_ENABLE_MODULES = YES;
				CLANG_ENABLE_OBJC_ARC = YES;
				CLANG_ENABLE_OBJC_WEAK = YES;
				CLANG_WARN_BLOCK_CAPTURE_AUTORELEASING = YES;
				CLANG_WARN_BOOL_CONVERSION = YES;
				CLANG_WARN_COMMA = YES;
				CLANG_WARN_CONSTANT_CONVERSION = YES;
				CLANG_WARN_DEPRECATED_OBJC_IMPLEMENTATIONS = YES;
				CLANG_WARN_DIRECT_OBJC_ISA_USAGE = YES_ERROR;
				CLANG_WARN_DOCUMENTATION_COMMENTS = YES;
				CLANG_WARN_EMPTY_BODY = YES;
				CLANG_WARN_ENUM_CONVERSION = YES;
				CLANG_WARN_INFINITE_RECURSION = YES;
				CLANG_WARN_INT_CONVERSION = YES;
				CLANG_WARN_NON_LITERAL_NULL_CONVERSION = YES;
				CLANG_WARN_OBJC_IMPLICIT_RETAIN_SELF = YES;
				CLANG_WARN_OBJC_LITERAL_CONVERSION = YES;
				CLANG_WARN_OBJC_ROOT_CLASS = YES_ERROR;
				CLANG_WARN_QUOTED_INCLUDE_IN_FRAMEWORK_HEADER = YES;
				CLANG_WARN_RANGE_LOOP_ANALYSIS = YES;
				CLANG_WARN_STRICT_PROTOTYPES = YES;
				CLANG_WARN_SUSPICIOUS_MOVE = YES;
				CLANG_WARN_UNGUARDED_AVAILABILITY = YES_AGGRESSIVE;
				CLANG_WARN_UNREACHABLE_CODE = YES;
				CLANG_WARN__DUPLICATE_METHOD_MATCH = YES;
				COPY_PHASE_STRIP = NO;
				DEBUG_INFORMATION_FORMAT = dwarf;
				ENABLE_STRICT_OBJC_MSGSEND = YES;
				ENABLE_TESTABILITY = YES;
				GCC_C_LANGUAGE_STANDARD = gnu11;
				GCC_DYNAMIC_NO_PIC = NO;
				GCC_NO_COMMON_BLOCKS = YES;
				GCC_OPTIMIZATION_LEVEL = 0;
				GCC_PREPROCESSOR_DEFINITIONS = (
					"DEBUG=1",
					"$(inherited)",
				);
				GCC_WARN_64_TO_32_BIT_CONVERSION = YES;
				GCC_WARN_ABOUT_RETURN_TYPE = YES_ERROR;
				GCC_WARN_UNDECLARED_SELECTOR = YES;
				GCC_WARN_UNINITIALIZED_AUTOS = YES_AGGRESSIVE;
				GCC_WARN_UNUSED_FUNCTION = YES;
				GCC_WARN_UNUSED_VARIABLE = YES;
				IPHONEOS_DEPLOYMENT_TARGET = 16.0;
				MTL_ENABLE_DEBUG_INFO = INCLUDE_SOURCE;
				MTL_FAST_MATH = YES;
				ONLY_ACTIVE_ARCH = YES;
				SDKROOT = iphoneos;
				SWIFT_ACTIVE_COMPILATION_CONDITIONS = DEBUG;
				SWIFT_OPTIMIZATION_LEVEL = "-Onone";
			};
			name = Debug;
		};
		BC9EBA00290ED7D700F7A890 /* Release */ = {
			isa = XCBuildConfiguration;
			buildSettings = {
				ALWAYS_SEARCH_USER_PATHS = NO;
				CLANG_ANALYZER_NONNULL = YES;
				CLANG_ANALYZER_NUMBER_OBJECT_CONVERSION = YES_AGGRESSIVE;
				CLANG_CXX_LANGUAGE_STANDARD = "gnu++20";
				CLANG_ENABLE_MODULES = YES;
				CLANG_ENABLE_OBJC_ARC = YES;
				CLANG_ENABLE_OBJC_WEAK = YES;
				CLANG_WARN_BLOCK_CAPTURE_AUTORELEASING = YES;
				CLANG_WARN_BOOL_CONVERSION = YES;
				CLANG_WARN_COMMA = YES;
				CLANG_WARN_CONSTANT_CONVERSION = YES;
				CLANG_WARN_DEPRECATED_OBJC_IMPLEMENTATIONS = YES;
				CLANG_WARN_DIRECT_OBJC_ISA_USAGE = YES_ERROR;
				CLANG_WARN_DOCUMENTATION_COMMENTS = YES;
				CLANG_WARN_EMPTY_BODY = YES;
				CLANG_WARN_ENUM_CONVERSION = YES;
				CLANG_WARN_INFINITE_RECURSION = YES;
				CLANG_WARN_INT_CONVERSION = YES;
				CLANG_WARN_NON_LITERAL_NULL_CONVERSION = YES;
				CLANG_WARN_OBJC_IMPLICIT_RETAIN_SELF = YES;
				CLANG_WARN_OBJC_LITERAL_CONVERSION = YES;
				CLANG_WARN_OBJC_ROOT_CLASS = YES_ERROR;
				CLANG_WARN_QUOTED_INCLUDE_IN_FRAMEWORK_HEADER = YES;
				CLANG_WARN_RANGE_LOOP_ANALYSIS = YES;
				CLANG_WARN_STRICT_PROTOTYPES = YES;
				CLANG_WARN_SUSPICIOUS_MOVE = YES;
				CLANG_WARN_UNGUARDED_AVAILABILITY = YES_AGGRESSIVE;
				CLANG_WARN_UNREACHABLE_CODE = YES;
				CLANG_WARN__DUPLICATE_METHOD_MATCH = YES;
				COPY_PHASE_STRIP = NO;
				DEBUG_INFORMATION_FORMAT = "dwarf-with-dsym";
				ENABLE_NS_ASSERTIONS = NO;
				ENABLE_STRICT_OBJC_MSGSEND = YES;
				GCC_C_LANGUAGE_STANDARD = gnu11;
				GCC_NO_COMMON_BLOCKS = YES;
				GCC_WARN_64_TO_32_BIT_CONVERSION = YES;
				GCC_WARN_ABOUT_RETURN_TYPE = YES_ERROR;
				GCC_WARN_UNDECLARED_SELECTOR = YES;
				GCC_WARN_UNINITIALIZED_AUTOS = YES_AGGRESSIVE;
				GCC_WARN_UNUSED_FUNCTION = YES;
				GCC_WARN_UNUSED_VARIABLE = YES;
				IPHONEOS_DEPLOYMENT_TARGET = 16.0;
				MTL_ENABLE_DEBUG_INFO = NO;
				MTL_FAST_MATH = YES;
				SDKROOT = iphoneos;
				SWIFT_COMPILATION_MODE = wholemodule;
				SWIFT_OPTIMIZATION_LEVEL = "-O";
				VALIDATE_PRODUCT = YES;
			};
			name = Release;
		};
		BC9EBA02290ED7D700F7A890 /* Debug */ = {
			isa = XCBuildConfiguration;
			buildSettings = {
				ASSETCATALOG_COMPILER_APPICON_NAME = AppIcon;
				ASSETCATALOG_COMPILER_GLOBAL_ACCENT_COLOR_NAME = AccentColor;
				CODE_SIGN_STYLE = Automatic;
				CURRENT_PROJECT_VERSION = 1;
				DEVELOPMENT_TEAM = AS7KA65NZ3;
				GENERATE_INFOPLIST_FILE = YES;
				INFOPLIST_FILE = MovieListTMDB/Info.plist;
				INFOPLIST_KEY_UIApplicationSupportsIndirectInputEvents = YES;
				INFOPLIST_KEY_UILaunchStoryboardName = LaunchScreen;
				INFOPLIST_KEY_UIMainStoryboardFile = Main;
				INFOPLIST_KEY_UISupportedInterfaceOrientations = UIInterfaceOrientationPortrait;
				IPHONEOS_DEPLOYMENT_TARGET = 13.0;
				LD_RUNPATH_SEARCH_PATHS = (
					"$(inherited)",
					"@executable_path/Frameworks",
				);
				MARKETING_VERSION = 1.0;
				PRODUCT_BUNDLE_IDENTIFIER = com.iao.movieList.MovieListTMDB;
				PRODUCT_NAME = "$(TARGET_NAME)";
				SWIFT_EMIT_LOC_STRINGS = YES;
				SWIFT_VERSION = 5.0;
				TARGETED_DEVICE_FAMILY = "1,2";
			};
			name = Debug;
		};
		BC9EBA03290ED7D700F7A890 /* Release */ = {
			isa = XCBuildConfiguration;
			buildSettings = {
				ASSETCATALOG_COMPILER_APPICON_NAME = AppIcon;
				ASSETCATALOG_COMPILER_GLOBAL_ACCENT_COLOR_NAME = AccentColor;
				CODE_SIGN_STYLE = Automatic;
				CURRENT_PROJECT_VERSION = 1;
				DEVELOPMENT_TEAM = AS7KA65NZ3;
				GENERATE_INFOPLIST_FILE = YES;
				INFOPLIST_FILE = MovieListTMDB/Info.plist;
				INFOPLIST_KEY_UIApplicationSupportsIndirectInputEvents = YES;
				INFOPLIST_KEY_UILaunchStoryboardName = LaunchScreen;
				INFOPLIST_KEY_UIMainStoryboardFile = Main;
				INFOPLIST_KEY_UISupportedInterfaceOrientations = UIInterfaceOrientationPortrait;
				IPHONEOS_DEPLOYMENT_TARGET = 13.0;
				LD_RUNPATH_SEARCH_PATHS = (
					"$(inherited)",
					"@executable_path/Frameworks",
				);
				MARKETING_VERSION = 1.0;
				PRODUCT_BUNDLE_IDENTIFIER = com.iao.movieList.MovieListTMDB;
				PRODUCT_NAME = "$(TARGET_NAME)";
				SWIFT_EMIT_LOC_STRINGS = YES;
				SWIFT_VERSION = 5.0;
				TARGETED_DEVICE_FAMILY = "1,2";
			};
			name = Release;
		};
/* End XCBuildConfiguration section */

/* Begin XCConfigurationList section */
		BC9EB9E8290ED7D600F7A890 /* Build configuration list for PBXProject "MovieListTMDB" */ = {
			isa = XCConfigurationList;
			buildConfigurations = (
				BC9EB9FF290ED7D700F7A890 /* Debug */,
				BC9EBA00290ED7D700F7A890 /* Release */,
			);
			defaultConfigurationIsVisible = 0;
			defaultConfigurationName = Release;
		};
		BC9EBA01290ED7D700F7A890 /* Build configuration list for PBXNativeTarget "MovieListTMDB" */ = {
			isa = XCConfigurationList;
			buildConfigurations = (
				BC9EBA02290ED7D700F7A890 /* Debug */,
				BC9EBA03290ED7D700F7A890 /* Release */,
			);
			defaultConfigurationIsVisible = 0;
			defaultConfigurationName = Release;
		};
/* End XCConfigurationList section */
	};
	rootObject = BC9EB9E5290ED7D600F7A890 /* Project object */;
}
